Microsoft Visual Studio Solution File, Format Version 12.00
# Visual Studio Version 17
VisualStudioVersion = 17.5.2.0
MinimumVisualStudioVersion = 10.0.40219.1
Project("{FAE04EC0-301F-11D3-BF4B-00C04F79EFBC}") = "PinkyLang", "PinkyLang.csproj", "{14452A7F-37B2-4B32-E3BE-80F989F4415F}"
EndProject
Global
	GlobalSection(SolutionConfigurationPlatforms) = preSolution
		Debug|Any CPU = Debug|Any CPU
		Release|Any CPU = Release|Any CPU
	EndGlobalSection
	GlobalSection(ProjectConfigurationPlatforms) = postSolution
		{14452A7F-37B2-4B32-E3BE-80F989F4415F}.Debug|Any CPU.ActiveCfg = Debug|Any CPU
		{14452A7F-37B2-4B32-E3BE-80F989F4415F}.Debug|Any CPU.Build.0 = Debug|Any CPU
		{14452A7F-37B2-4B32-E3BE-80F989F4415F}.Release|Any CPU.ActiveCfg = Release|Any CPU
		{14452A7F-37B2-4B32-E3BE-80F989F4415F}.Release|Any CPU.Build.0 = Release|Any CPU
	EndGlobalSection
	GlobalSection(SolutionProperties) = preSolution
		HideSolutionNode = FALSE
	EndGlobalSection
	GlobalSection(ExtensibilityGlobals) = postSolution
		SolutionGuid = {0401250C-4004-4920-B421-9F9F732A51AD}
	EndGlobalSection
EndGlobal
